
Microsoft Visual Studio Solution File, Format Version 12.00
# Visual Studio Version 17
VisualStudioVersion = 17.8.34511.84
MinimumVisualStudioVersion = 10.0.40219.1
Project("{FAE04EC0-301F-11D3-BF4B-00C04F79EFBC}") = "EShopApp", "EShopApp\EShopApp.csproj", "{5C5A54B7-9D0E-4D67-8A5D-78195F9721BB}"
EndProject
Global
	GlobalSection(SolutionConfigurationPlatforms) = preSolution
		Debug|Any CPU = Debug|Any CPU
		Release|Any CPU = Release|Any CPU
	EndGlobalSection
	GlobalSection(ProjectConfigurationPlatforms) = postSolution
		{5C5A54B7-9D0E-4D67-8A5D-78195F9721BB}.Debug|Any CPU.ActiveCfg = Debug|Any CPU
		{5C5A54B7-9D0E-4D67-8A5D-78195F9721BB}.Debug|Any CPU.Build.0 = Debug|Any CPU
		{5C5A54B7-9D0E-4D67-8A5D-78195F9721BB}.Release|Any CPU.ActiveCfg = Release|Any CPU
		{5C5A54B7-9D0E-4D67-8A5D-78195F9721BB}.Release|Any CPU.Build.0 = Release|Any CPU
	EndGlobalSection
	GlobalSection(SolutionProperties) = preSolution
		HideSolutionNode = FALSE
	EndGlobalSection
	GlobalSection(ExtensibilityGlobals) = postSolution
		SolutionGuid = {82DEFBBB-1C2E-49DB-B00A-2B6DBACBA6B8}
	EndGlobalSection
EndGlobal
